
Microsoft Visual Studio Solution File, Format Version 12.00
# Visual Studio Version 17
VisualStudioVersion = 17.14.36603.0
MinimumVisualStudioVersion = 10.0.40219.1
Project("{8BC9CEB8-8B4A-11D0-8D11-00A0C91BC942}") = "LeapYearTest", "LeapYearTest\LeapYearTest.vcxproj", "{3841ED6B-9247-4F96-99DF-528F2C570ADF}"
EndProject
Project("{8BC9CEB8-8B4A-11D0-8D11-00A0C91BC942}") = "LeapYearLib", "LeapYearLib\LeapYearLib.vcxproj", "{6491D7EF-081A-41AF-B2C0-96EB05D739BA}"
EndProject
Project("{2150E333-8FDC-42A3-9474-1A3956D46DE8}") = "Solution Items", "Solution Items", "{8EC462FD-D22E-90A8-E5CE-7E832BA40C5D}"
	ProjectSection(SolutionItems) = preProject
		CMakeLists.txt = CMakeLists.txt
	EndProjectSection
EndProject
Global
	GlobalSection(SolutionConfigurationPlatforms) = preSolution
		Debug|x64 = Debug|x64
		Debug|x86 = Debug|x86
		Release|x64 = Release|x64
		Release|x86 = Release|x86
	EndGlobalSection
	GlobalSection(ProjectConfigurationPlatforms) = postSolution
		{3841ED6B-9247-4F96-99DF-528F2C570ADF}.Debug|x64.ActiveCfg = Debug|x64
		{3841ED6B-9247-4F96-99DF-528F2C570ADF}.Debug|x64.Build.0 = Debug|x64
		{3841ED6B-9247-4F96-99DF-528F2C570ADF}.Debug|x86.ActiveCfg = Debug|Win32
		{3841ED6B-9247-4F96-99DF-528F2C570ADF}.Debug|x86.Build.0 = Debug|Win32
		{3841ED6B-9247-4F96-99DF-528F2C570ADF}.Release|x64.ActiveCfg = Release|x64
		{3841ED6B-9247-4F96-99DF-528F2C570ADF}.Release|x64.Build.0 = Release|x64
		{3841ED6B-9247-4F96-99DF-528F2C570ADF}.Release|x86.ActiveCfg = Release|Win32
		{3841ED6B-9247-4F96-99DF-528F2C570ADF}.Release|x86.Build.0 = Release|Win32
		{6491D7EF-081A-41AF-B2C0-96EB05D739BA}.Debug|x64.ActiveCfg = Debug|x64
		{6491D7EF-081A-41AF-B2C0-96EB05D739BA}.Debug|x64.Build.0 = Debug|x64
		{6491D7EF-081A-41AF-B2C0-96EB05D739BA}.Debug|x86.ActiveCfg = Debug|Win32
		{6491D7EF-081A-41AF-B2C0-96EB05D739BA}.Debug|x86.Build.0 = Debug|Win32
		{6491D7EF-081A-41AF-B2C0-96EB05D739BA}.Release|x64.ActiveCfg = Release|x64
		{6491D7EF-081A-41AF-B2C0-96EB05D739BA}.Release|x64.Build.0 = Release|x64
		{6491D7EF-081A-41AF-B2C0-96EB05D739BA}.Release|x86.ActiveCfg = Release|Win32
		{6491D7EF-081A-41AF-B2C0-96EB05D739BA}.Release|x86.Build.0 = Release|Win32
	EndGlobalSection
	GlobalSection(SolutionProperties) = preSolution
		HideSolutionNode = FALSE
	EndGlobalSection
	GlobalSection(ExtensibilityGlobals) = postSolution
		SolutionGuid = {EEF8C899-CA40-475B-A8BD-DFFEB2EEF8A0}
	EndGlobalSection
EndGlobal
